
Microsoft Visual Studio Solution File, Format Version 12.00
# Visual Studio 15
VisualStudioVersion = 15.0.28010.2046
MinimumVisualStudioVersion = 10.0.40219.1
Project("{F184B08F-C81C-45F6-A57F-5ABD9991F28F}") = "Exercicio  3 (Dev Sistema 21.04.19)", "Exercicio  3 (Dev Sistema 21.04.19)\Exercicio  3 (Dev Sistema 21.04.19).vbproj", "{0C3E339C-6384-4C5C-A205-EF8EA0D5614B}"
EndProject
Global
	GlobalSection(SolutionConfigurationPlatforms) = preSolution
		Debug|Any CPU = Debug|Any CPU
		Release|Any CPU = Release|Any CPU
	EndGlobalSection
	GlobalSection(ProjectConfigurationPlatforms) = postSolution
		{0C3E339C-6384-4C5C-A205-EF8EA0D5614B}.Debug|Any CPU.ActiveCfg = Debug|Any CPU
		{0C3E339C-6384-4C5C-A205-EF8EA0D5614B}.Debug|Any CPU.Build.0 = Debug|Any CPU
		{0C3E339C-6384-4C5C-A205-EF8EA0D5614B}.Release|Any CPU.ActiveCfg = Release|Any CPU
		{0C3E339C-6384-4C5C-A205-EF8EA0D5614B}.Release|Any CPU.Build.0 = Release|Any CPU
	EndGlobalSection
	GlobalSection(SolutionProperties) = preSolution
		HideSolutionNode = FALSE
	EndGlobalSection
	GlobalSection(ExtensibilityGlobals) = postSolution
		SolutionGuid = {06CD8A0C-645F-4BDC-8E8F-24B304B1260B}
	EndGlobalSection
EndGlobal
